<?xml version="1.0" encoding="utf-8"?>
<Project ToolsVersion="4.0" xmlns="http://schemas.microsoft.com/developer/msbuild/2003">
  <ItemGroup>
    <Filter Include="Source Files">
      <UniqueIdentifier>{4FC737F1-C7A5-4376-A066-2A32D752A2FF}</UniqueIdentifier>
      <Extensions>cpp;c;cc;cxx;def;odl;idl;hpj;bat;asm;asmx</Extensions>
    </Filter>
    <Filter Include="Header Files">
      <UniqueIdentifier>{93995380-89BD-4b04-88EB-625FBE52EBFB}</UniqueIdentifier>
      <Extensions>h;hh;hpp;hxx;hm;inl;inc;xsd</Extensions>
    </Filter>
    <Filter Include="Resource Files">
      <UniqueIdentifier>{67DA6AB6-F800-4c08-8B7A-83BB121AAD01}</UniqueIdentifier>
      <Extensions>rc;ico;cur;bmp;dlg;rc2;rct;bin;rgs;gif;jpg;jpeg;jpe;resx;tiff;tif;png;wav;mfcribbon-ms</Extensions>
    </Filter>
    <Filter Include="GLAD">
      <UniqueIdentifier>{5a18ea7f-7fe0-414a-bc25-d2ec4c6b4f86}</UniqueIdentifier>
    </Filter>
    <Filter Include="Module">
      <UniqueIdentifier>{ea83fbe8-8a93-44ac-ac10-39a9404f53e9}</UniqueIdentifier>
    </Filter>
  </ItemGroup>
  <ItemGroup>
    <Text Include="ReadMe.txt" />
  </ItemGroup>
  <ItemGroup>
    <ClCompile Include="stdafx.cpp">
      <Filter>Source Files</Filter>
    </ClCompile>
    <ClCompile Include="GLAD\glad.c">
      <Filter>GLAD</Filter>
    </ClCompile>
    <ClCompile Include="main.cpp">
      <Filter>Source Files</Filter>
    </ClCompile>
    <ClCompile Include="Module\Shader.cpp">
      <Filter>Module</Filter>
    </ClCompile>
    <ClCompile Include="Module\Texture.cpp">
      <Filter>Module</Filter>
    </ClCompile>
    <ClCompile Include="Module\Object.cpp">
      <Filter>Module</Filter>
    </ClCompile>
  </ItemGroup>
  <ItemGroup>
    <ClInclude Include="stdafx.h">
      <Filter>Header Files</Filter>
    </ClInclude>
    <ClInclude Include="targetver.h">
      <Filter>Header Files</Filter>
    </ClInclude>
    <ClInclude Include="GLAD\glad.h">
      <Filter>GLAD</Filter>
    </ClInclude>
    <ClInclude Include="GLAD\khrplatform.h">
      <Filter>GLAD</Filter>
    </ClInclude>
    <ClInclude Include="Module\Shader.h">
      <Filter>Module</Filter>
    </ClInclude>
    <ClInclude Include="Module\Texture.h">
      <Filter>Module</Filter>
    </ClInclude>
    <ClInclude Include="Module\Object.h">
      <Filter>Module</Filter>
    </ClInclude>
  </ItemGroup>
</Project>